
Microsoft Visual Studio Solution File, Format Version 12.00
# Visual Studio Version 16
VisualStudioVersion = 16.0.29519.87
MinimumVisualStudioVersion = 10.0.40219.1
Project("{8BC9CEB8-8B4A-11D0-8D11-00A0C91BC942}") = "Ejercicio_Secuencia-Oracionesconpunto", "Ejercicio_Secuencia-Oracionesconpunto\Ejercicio_Secuencia-Oracionesconpunto.vcxproj", "{F86EFF97-1F02-4E51-A862-0AC4BE312AD7}"
EndProject
Global
	GlobalSection(SolutionConfigurationPlatforms) = preSolution
		Debug|x64 = Debug|x64
		Debug|x86 = Debug|x86
		Release|x64 = Release|x64
		Release|x86 = Release|x86
	EndGlobalSection
	GlobalSection(ProjectConfigurationPlatforms) = postSolution
		{F86EFF97-1F02-4E51-A862-0AC4BE312AD7}.Debug|x64.ActiveCfg = Debug|x64
		{F86EFF97-1F02-4E51-A862-0AC4BE312AD7}.Debug|x64.Build.0 = Debug|x64
		{F86EFF97-1F02-4E51-A862-0AC4BE312AD7}.Debug|x86.ActiveCfg = Debug|Win32
		{F86EFF97-1F02-4E51-A862-0AC4BE312AD7}.Debug|x86.Build.0 = Debug|Win32
		{F86EFF97-1F02-4E51-A862-0AC4BE312AD7}.Release|x64.ActiveCfg = Release|x64
		{F86EFF97-1F02-4E51-A862-0AC4BE312AD7}.Release|x64.Build.0 = Release|x64
		{F86EFF97-1F02-4E51-A862-0AC4BE312AD7}.Release|x86.ActiveCfg = Release|Win32
		{F86EFF97-1F02-4E51-A862-0AC4BE312AD7}.Release|x86.Build.0 = Release|Win32
	EndGlobalSection
	GlobalSection(SolutionProperties) = preSolution
		HideSolutionNode = FALSE
	EndGlobalSection
	GlobalSection(ExtensibilityGlobals) = postSolution
		SolutionGuid = {BB0B7E12-BA25-4FB6-8FE0-559FBEBBBB9C}
	EndGlobalSection
EndGlobal
